
Microsoft Visual Studio Solution File, Format Version 12.00
# Visual Studio 15
VisualStudioVersion = 15.0.27130.2026
MinimumVisualStudioVersion = 10.0.40219.1
Project("{FAE04EC0-301F-11D3-BF4B-00C04F79EFBC}") = "CampManagement.Domain", "CampManagement.Domain\CampManagement.Domain.csproj", "{3AD26A74-1903-4219-A837-AB1344196ED9}"
EndProject
Project("{FAE04EC0-301F-11D3-BF4B-00C04F79EFBC}") = "CampManagement.Data2", "CampManagement.Data2\CampManagement.Data2.csproj", "{77E8E0B2-40CE-48C2-A9D2-4E9BFC7D5430}"
EndProject
Project("{FAE04EC0-301F-11D3-BF4B-00C04F79EFBC}") = "CampManagement.Web2", "CampManagement.Web2\CampManagement.Web2.csproj", "{33B0042B-692E-4F4E-A2FC-FEBE2146072F}"
EndProject
Project("{FAE04EC0-301F-11D3-BF4B-00C04F79EFBC}") = "CampManagement.Web", "CampManagement.Web\CampManagement.Web.csproj", "{C23E011B-77DA-4244-B1E3-920AF48DD6F9}"
EndProject
Project("{FAE04EC0-301F-11D3-BF4B-00C04F79EFBC}") = "CampManagement.Data", "CampManagement.Data\CampManagement.Data.csproj", "{C35C46C9-F65F-4DA5-8711-20AE710873FB}"
EndProject
Global
	GlobalSection(SolutionConfigurationPlatforms) = preSolution
		Debug|Any CPU = Debug|Any CPU
		Release|Any CPU = Release|Any CPU
	EndGlobalSection
	GlobalSection(ProjectConfigurationPlatforms) = postSolution
		{3AD26A74-1903-4219-A837-AB1344196ED9}.Debug|Any CPU.ActiveCfg = Debug|Any CPU
		{3AD26A74-1903-4219-A837-AB1344196ED9}.Debug|Any CPU.Build.0 = Debug|Any CPU
		{3AD26A74-1903-4219-A837-AB1344196ED9}.Release|Any CPU.ActiveCfg = Release|Any CPU
		{3AD26A74-1903-4219-A837-AB1344196ED9}.Release|Any CPU.Build.0 = Release|Any CPU
		{77E8E0B2-40CE-48C2-A9D2-4E9BFC7D5430}.Debug|Any CPU.ActiveCfg = Debug|Any CPU
		{77E8E0B2-40CE-48C2-A9D2-4E9BFC7D5430}.Debug|Any CPU.Build.0 = Debug|Any CPU
		{77E8E0B2-40CE-48C2-A9D2-4E9BFC7D5430}.Release|Any CPU.ActiveCfg = Release|Any CPU
		{77E8E0B2-40CE-48C2-A9D2-4E9BFC7D5430}.Release|Any CPU.Build.0 = Release|Any CPU
		{33B0042B-692E-4F4E-A2FC-FEBE2146072F}.Debug|Any CPU.ActiveCfg = Debug|Any CPU
		{33B0042B-692E-4F4E-A2FC-FEBE2146072F}.Debug|Any CPU.Build.0 = Debug|Any CPU
		{33B0042B-692E-4F4E-A2FC-FEBE2146072F}.Release|Any CPU.ActiveCfg = Release|Any CPU
		{33B0042B-692E-4F4E-A2FC-FEBE2146072F}.Release|Any CPU.Build.0 = Release|Any CPU
		{C23E011B-77DA-4244-B1E3-920AF48DD6F9}.Debug|Any CPU.ActiveCfg = Debug|Any CPU
		{C23E011B-77DA-4244-B1E3-920AF48DD6F9}.Debug|Any CPU.Build.0 = Debug|Any CPU
		{C23E011B-77DA-4244-B1E3-920AF48DD6F9}.Release|Any CPU.ActiveCfg = Release|Any CPU
		{C23E011B-77DA-4244-B1E3-920AF48DD6F9}.Release|Any CPU.Build.0 = Release|Any CPU
		{C35C46C9-F65F-4DA5-8711-20AE710873FB}.Debug|Any CPU.ActiveCfg = Debug|Any CPU
		{C35C46C9-F65F-4DA5-8711-20AE710873FB}.Debug|Any CPU.Build.0 = Debug|Any CPU
		{C35C46C9-F65F-4DA5-8711-20AE710873FB}.Release|Any CPU.ActiveCfg = Release|Any CPU
		{C35C46C9-F65F-4DA5-8711-20AE710873FB}.Release|Any CPU.Build.0 = Release|Any CPU
	EndGlobalSection
	GlobalSection(SolutionProperties) = preSolution
		HideSolutionNode = FALSE
	EndGlobalSection
	GlobalSection(ExtensibilityGlobals) = postSolution
		SolutionGuid = {A1C74066-C808-40D4-A79F-94C69A713DCE}
	EndGlobalSection
EndGlobal
